// !$*UTF8*$!
{
	archiveVersion = 1;
	classes = {
	};
	objectVersion = 46;
	objects = {

/* Begin PBXBuildFile section */
		D985D4581BE45DDC00518155 /* Factory.cpp in Sources */ = {isa = PBXBuildFile; fileRef = D985D44D1BE45DDC00518155 /* Factory.cpp */; };
		D985D4591BE45DDC00518155 /* main.cpp in Sources */ = {isa = PBXBuildFile; fileRef = D985D4501BE45DDC00518155 /* main.cpp */; };
		D985D45A1BE45DDC00518155 /* Player.cpp in Sources */ = {isa = PBXBuildFile; fileRef = D985D4521BE45DDC00518155 /* Player.cpp */; };
		D985D45B1BE45DDC00518155 /* RedRover.cpp in Sources */ = {isa = PBXBuildFile; fileRef = D985D4551BE45DDC00518155 /* RedRover.cpp */; };
/* End PBXBuildFile section */

/* Begin PBXCopyFilesBuildPhase section */
		D9B9C5C91BDE98FC00D521D0 /* CopyFiles */ = {
			isa = PBXCopyFilesBuildPhase;
			buildActionMask = 2147483647;
			dstPath = /usr/share/man/man1/;
			dstSubfolderSpec = 0;
			files = (
			);
			runOnlyForDeploymentPostprocessing = 1;
		};
/* End PBXCopyFilesBuildPhase section */

/* Begin PBXFileReference section */
		D985D44D1BE45DDC00518155 /* Factory.cpp */ = {isa = PBXFileReference; fileEncoding = 4; lastKnownFileType = sourcecode.cpp.cpp; path = Factory.cpp; sourceTree = "<group>"; };
		D985D44E1BE45DDC00518155 /* Factory.h */ = {isa = PBXFileReference; fileEncoding = 4; lastKnownFileType = sourcecode.c.h; path = Factory.h; sourceTree = "<group>"; };
		D985D44F1BE45DDC00518155 /* LinkedList.h */ = {isa = PBXFileReference; fileEncoding = 4; lastKnownFileType = sourcecode.c.h; path = LinkedList.h; sourceTree = "<group>"; };
		D985D4501BE45DDC00518155 /* main.cpp */ = {isa = PBXFileReference; fileEncoding = 4; lastKnownFileType = sourcecode.cpp.cpp; path = main.cpp; sourceTree = "<group>"; };
		D985D4511BE45DDC00518155 /* Node.h */ = {isa = PBXFileReference; fileEncoding = 4; lastKnownFileType = sourcecode.c.h; path = Node.h; sourceTree = "<group>"; };
		D985D4521BE45DDC00518155 /* Player.cpp */ = {isa = PBXFileReference; fileEncoding = 4; lastKnownFileType = sourcecode.cpp.cpp; path = Player.cpp; sourceTree = "<group>"; };
		D985D4531BE45DDC00518155 /* Player.h */ = {isa = PBXFileReference; fileEncoding = 4; lastKnownFileType = sourcecode.c.h; path = Player.h; sourceTree = "<group>"; };
		D985D4541BE45DDC00518155 /* PlayerInterface.h */ = {isa = PBXFileReference; fileEncoding = 4; lastKnownFileType = sourcecode.c.h; path = PlayerInterface.h; sourceTree = "<group>"; };
		D985D4551BE45DDC00518155 /* RedRover.cpp */ = {isa = PBXFileReference; fileEncoding = 4; lastKnownFileType = sourcecode.cpp.cpp; path = RedRover.cpp; sourceTree = "<group>"; };
		D985D4561BE45DDC00518155 /* RedRover.h */ = {isa = PBXFileReference; fileEncoding = 4; lastKnownFileType = sourcecode.c.h; path = RedRover.h; sourceTree = "<group>"; };
		D985D4571BE45DDC00518155 /* RedRoverInterface.h */ = {isa = PBXFileReference; fileEncoding = 4; lastKnownFileType = sourcecode.c.h; path = RedRoverInterface.h; sourceTree = "<group>"; };
		D9B9C5CB1BDE98FC00D521D0 /* Midterm */ = {isa = PBXFileReference; explicitFileType = "compiled.mach-o.executable"; includeInIndex = 0; path = Midterm; sourceTree = BUILT_PRODUCTS_DIR; };
/* End PBXFileReference section */

/* Begin PBXFrameworksBuildPhase section */
		D9B9C5C81BDE98FC00D521D0 /* Frameworks */ = {
			isa = PBXFrameworksBuildPhase;
			buildActionMask = 2147483647;
			files = (
			);
			runOnlyForDeploymentPostprocessing = 0;
		};
/* End PBXFrameworksBuildPhase section */

/* Begin PBXGroup section */
		D9B9C5C21BDE98FC00D521D0 = {
			isa = PBXGroup;
			children = (
				D985D44D1BE45DDC00518155 /* Factory.cpp */,
				D985D44E1BE45DDC00518155 /* Factory.h */,
				D985D44F1BE45DDC00518155 /* LinkedList.h */,
				D985D4501BE45DDC00518155 /* main.cpp */,
				D985D4511BE45DDC00518155 /* Node.h */,
				D985D4521BE45DDC00518155 /* Player.cpp */,
				D985D4531BE45DDC00518155 /* Player.h */,
				D985D4541BE45DDC00518155 /* PlayerInterface.h */,
				D985D4551BE45DDC00518155 /* RedRover.cpp */,
				D985D4561BE45DDC00518155 /* RedRover.h */,
				D985D4571BE45DDC00518155 /* RedRoverInterface.h */,
				D9B9C5CD1BDE98FC00D521D0 /* Midterm */,
				D9B9C5CC1BDE98FC00D521D0 /* Products */,
			);
			sourceTree = "<group>";
		};
		D9B9C5CC1BDE98FC00D521D0 /* Products */ = {
			isa = PBXGroup;
			children = (
				D9B9C5CB1BDE98FC00D521D0 /* Midterm */,
			);
			name = Products;
			sourceTree = "<group>";
		};
		D9B9C5CD1BDE98FC00D521D0 /* Midterm */ = {
			isa = PBXGroup;
			children = (
			);
			path = Midterm;
			sourceTree = "<group>";
		};
/* End PBXGroup section */

/* Begin PBXNativeTarget section */
		D9B9C5CA1BDE98FC00D521D0 /* Midterm */ = {
			isa = PBXNativeTarget;
			buildConfigurationList = D9B9C5D21BDE98FC00D521D0 /* Build configuration list for PBXNativeTarget "Midterm" */;
			buildPhases = (
				D9B9C5C71BDE98FC00D521D0 /* Sources */,
				D9B9C5C81BDE98FC00D521D0 /* Frameworks */,
				D9B9C5C91BDE98FC00D521D0 /* CopyFiles */,
			);
			buildRules = (
			);
			dependencies = (
			);
			name = Midterm;
			productName = Midterm;
			productReference = D9B9C5CB1BDE98FC00D521D0 /* Midterm */;
			productType = "com.apple.product-type.tool";
		};
/* End PBXNativeTarget section */

/* Begin PBXProject section */
		D9B9C5C31BDE98FC00D521D0 /* Project object */ = {
			isa = PBXProject;
			attributes = {
				LastUpgradeCheck = 0710;
				ORGANIZATIONNAME = "Austin Tebbs";
				TargetAttributes = {
					D9B9C5CA1BDE98FC00D521D0 = {
						CreatedOnToolsVersion = 7.1;
					};
				};
			};
			buildConfigurationList = D9B9C5C61BDE98FC00D521D0 /* Build configuration list for PBXProject "Midterm" */;
			compatibilityVersion = "Xcode 3.2";
			developmentRegion = English;
			hasScannedForEncodings = 0;
			knownRegions = (
				en,
			);
			mainGroup = D9B9C5C21BDE98FC00D521D0;
			productRefGroup = D9B9C5CC1BDE98FC00D521D0 /* Products */;
			projectDirPath = "";
			projectRoot = "";
			targets = (
				D9B9C5CA1BDE98FC00D521D0 /* Midterm */,
			);
		};
/* End PBXProject section */

/* Begin PBXSourcesBuildPhase section */
		D9B9C5C71BDE98FC00D521D0 /* Sources */ = {
			isa = PBXSourcesBuildPhase;
			buildActionMask = 2147483647;
			files = (
				D985D4591BE45DDC00518155 /* main.cpp in Sources */,
				D985D4581BE45DDC00518155 /* Factory.cpp in Sources */,
				D985D45B1BE45DDC00518155 /* RedRover.cpp in Sources */,
				D985D45A1BE45DDC00518155 /* Player.cpp in Sources */,
			);
			runOnlyForDeploymentPostprocessing = 0;
		};
/* End PBXSourcesBuildPhase section */

/* Begin XCBuildConfiguration section */
		D9B9C5D01BDE98FC00D521D0 /* Debug */ = {
			isa = XCBuildConfiguration;
			buildSettings = {
				ALWAYS_SEARCH_USER_PATHS = NO;
				CLANG_CXX_LANGUAGE_STANDARD = "gnu++0x";
				CLANG_CXX_LIBRARY = "libc++";
				CLANG_ENABLE_MODULES = YES;
				CLANG_ENABLE_OBJC_ARC = YES;
				CLANG_WARN_BOOL_CONVERSION = YES;
				CLANG_WARN_CONSTANT_CONVERSION = YES;
				CLANG_WARN_DIRECT_OBJC_ISA_USAGE = YES_ERROR;
				CLANG_WARN_EMPTY_BODY = YES;
				CLANG_WARN_ENUM_CONVERSION = YES;
				CLANG_WARN_INT_CONVERSION = YES;
				CLANG_WARN_OBJC_ROOT_CLASS = YES_ERROR;
				CLANG_WARN_UNREACHABLE_CODE = YES;
				CLANG_WARN__DUPLICATE_METHOD_MATCH = YES;
				CODE_SIGN_IDENTITY = "-";
				COPY_PHASE_STRIP = NO;
				DEBUG_INFORMATION_FORMAT = dwarf;
				ENABLE_STRICT_OBJC_MSGSEND = YES;
				ENABLE_TESTABILITY = YES;
				GCC_C_LANGUAGE_STANDARD = gnu99;
				GCC_DYNAMIC_NO_PIC = NO;
				GCC_NO_COMMON_BLOCKS = YES;
				GCC_OPTIMIZATION_LEVEL = 0;
				GCC_PREPROCESSOR_DEFINITIONS = (
					"DEBUG=1",
					"$(inherited)",
				);
				GCC_WARN_64_TO_32_BIT_CONVERSION = YES;
				GCC_WARN_ABOUT_RETURN_TYPE = YES_ERROR;
				GCC_WARN_UNDECLARED_SELECTOR = YES;
				GCC_WARN_UNINITIALIZED_AUTOS = YES_AGGRESSIVE;
				GCC_WARN_UNUSED_FUNCTION = YES;
				GCC_WARN_UNUSED_VARIABLE = YES;
				MACOSX_DEPLOYMENT_TARGET = 10.10;
				MTL_ENABLE_DEBUG_INFO = YES;
				ONLY_ACTIVE_ARCH = YES;
				SDKROOT = macosx;
			};
			name = Debug;
		};
		D9B9C5D11BDE98FC00D521D0 /* Release */ = {
			isa = XCBuildConfiguration;
			buildSettings = {
				ALWAYS_SEARCH_USER_PATHS = NO;
				CLANG_CXX_LANGUAGE_STANDARD = "gnu++0x";
				CLANG_CXX_LIBRARY = "libc++";
				CLANG_ENABLE_MODULES = YES;
				CLANG_ENABLE_OBJC_ARC = YES;
				CLANG_WARN_BOOL_CONVERSION = YES;
				CLANG_WARN_CONSTANT_CONVERSION = YES;
				CLANG_WARN_DIRECT_OBJC_ISA_USAGE = YES_ERROR;
				CLANG_WARN_EMPTY_BODY = YES;
				CLANG_WARN_ENUM_CONVERSION = YES;
				CLANG_WARN_INT_CONVERSION = YES;
				CLANG_WARN_OBJC_ROOT_CLASS = YES_ERROR;
				CLANG_WARN_UNREACHABLE_CODE = YES;
				CLANG_WARN__DUPLICATE_METHOD_MATCH = YES;
				CODE_SIGN_IDENTITY = "-";
				COPY_PHASE_STRIP = NO;
				DEBUG_INFORMATION_FORMAT = "dwarf-with-dsym";
				ENABLE_NS_ASSERTIONS = NO;
				ENABLE_STRICT_OBJC_MSGSEND = YES;
				GCC_C_LANGUAGE_STANDARD = gnu99;
				GCC_NO_COMMON_BLOCKS = YES;
				GCC_WARN_64_TO_32_BIT_CONVERSION = YES;
				GCC_WARN_ABOUT_RETURN_TYPE = YES_ERROR;
				GCC_WARN_UNDECLARED_SELECTOR = YES;
				GCC_WARN_UNINITIALIZED_AUTOS = YES_AGGRESSIVE;
				GCC_WARN_UNUSED_FUNCTION = YES;
				GCC_WARN_UNUSED_VARIABLE = YES;
				MACOSX_DEPLOYMENT_TARGET = 10.10;
				MTL_ENABLE_DEBUG_INFO = NO;
				SDKROOT = macosx;
			};
			name = Release;
		};
		D9B9C5D31BDE98FC00D521D0 /* Debug */ = {
			isa = XCBuildConfiguration;
			buildSettings = {
				PRODUCT_NAME = "$(TARGET_NAME)";
			};
			name = Debug;
		};
		D9B9C5D41BDE98FC00D521D0 /* Release */ = {
			isa = XCBuildConfiguration;
			buildSettings = {
				PRODUCT_NAME = "$(TARGET_NAME)";
			};
			name = Release;
		};
/* End XCBuildConfiguration section */

/* Begin XCConfigurationList section */
		D9B9C5C61BDE98FC00D521D0 /* Build configuration list for PBXProject "Midterm" */ = {
			isa = XCConfigurationList;
			buildConfigurations = (
				D9B9C5D01BDE98FC00D521D0 /* Debug */,
				D9B9C5D11BDE98FC00D521D0 /* Release */,
			);
			defaultConfigurationIsVisible = 0;
			defaultConfigurationName = Release;
		};
		D9B9C5D21BDE98FC00D521D0 /* Build configuration list for PBXNativeTarget "Midterm" */ = {
			isa = XCConfigurationList;
			buildConfigurations = (
				D9B9C5D31BDE98FC00D521D0 /* Debug */,
				D9B9C5D41BDE98FC00D521D0 /* Release */,
			);
			defaultConfigurationIsVisible = 0;
			defaultConfigurationName = Release;
		};
/* End XCConfigurationList section */
	};
	rootObject = D9B9C5C31BDE98FC00D521D0 /* Project object */;
}
